{
    "_meta": {
        "hash": {
            "sha256": "296ba309f6a8d6bb047825dd615260a72670ad22372420a47ef661a1ae6fb222"
        },
        "host-environment-markers": {
            "implementation_name": "cpython",
            "implementation_version": "3.6.4",
            "os_name": "posix",
            "platform_machine": "x86_64",
            "platform_python_implementation": "CPython",
            "platform_release": "18.2.0",
            "platform_system": "Darwin",
            "platform_version": "Darwin Kernel Version 18.2.0: Mon Nov 12 20:24:46 PST 2018; root:xnu-4903.231.4~2/RELEASE_X86_64",
            "python_full_version": "3.6.4",
            "python_version": "3.6",
            "sys_platform": "darwin"
        },
        "pipfile-spec": 6,
        "requires": {
            "python_version": "3.6"
        },
        "sources": [
            {
                "name": "pypi",
                "url": "http://pypi.douban.com/simple",
                "verify_ssl": false
            }
        ]
    },
    "default": {
        "alembic": {
            "hashes": [],
            "version": "==1.0.7"
        },
        "aniso8601": {
            "hashes": [],
            "version": "==4.1.0"
        },
        "bcrypt": {
            "hashes": [],
            "version": "==3.1.6"
        },
        "blinker": {
            "hashes": [],
            "version": "==1.4"
        },
        "bootstrap-flask": {
            "hashes": [],
            "version": "==1.0.9"
        },
        "certifi": {
            "hashes": [],
            "version": "==2018.11.29"
        },
        "cffi": {
            "hashes": [],
            "version": "==1.12.0"
        },
        "chardet": {
            "hashes": [],
            "version": "==3.0.4"
        },
        "click": {
            "hashes": [],
            "version": "==7.0"
        },
        "decorator": {
            "hashes": [],
            "version": "==4.3.2"
        },
        "dogpile.cache": {
            "hashes": [],
            "version": "==0.7.1"
        },
        "faker": {
            "hashes": [],
            "version": "==1.0.2"
        },
        "flask": {
            "hashes": [],
            "version": "==1.0.2"
        },
        "flask-bcrypt": {
            "hashes": [],
            "version": "==0.7.1"
        },
        "flask-debugtoolbar": {
            "hashes": [],
            "version": "==0.10.1"
        },
        "flask-login": {
            "hashes": [],
            "version": "==0.4.1"
        },
        "flask-migrate": {
            "hashes": [],
            "version": "==2.3.1"
        },
        "flask-restplus": {
            "hashes": [],
            "version": "==0.12.1"
        },
        "flask-sqlalchemy": {
            "hashes": [],
            "version": "==2.3.2"
        },
        "flask-webpack": {
            "hashes": [],
            "version": "==0.1.0"
        },
        "flask-whooshalchemyplus": {
            "hashes": [],
            "version": "==0.7.5"
        },
        "idna": {
            "hashes": [],
            "version": "==2.8"
        },
        "itsdangerous": {
            "hashes": [],
            "version": "==1.1.0"
        },
        "jinja2": {
            "hashes": [],
            "version": "==2.10"
        },
        "jsonschema": {
            "hashes": [],
            "version": "==2.6.0"
        },
        "libgravatar": {
            "hashes": [],
            "version": "==0.2.3"
        },
        "mako": {
            "hashes": [],
            "version": "==1.0.7"
        },
        "markupsafe": {
            "hashes": [],
            "version": "==1.1.0"
        },
        "mysqlclient": {
            "hashes": [],
            "version": "==1.4.2.post1"
        },
        "phonenumbers": {
            "hashes": [],
            "version": "==8.10.5"
        },
        "phonenumberslite": {
            "hashes": [],
            "version": "==8.10.5"
        },
        "pycparser": {
            "hashes": [],
            "version": "==2.19"
        },
        "pycryptodomex": {
            "hashes": [],
            "version": "==3.7.2"
        },
        "pymysql": {
            "hashes": [],
            "version": "==0.9.3"
        },
        "python-alipay-sdk": {
            "hashes": [],
            "version": "==1.9.1"
        },
        "python-dateutil": {
            "hashes": [],
            "version": "==2.8.0"
        },
        "python-dotenv": {
            "hashes": [],
            "version": "==0.10.1"
        },
        "python-editor": {
            "hashes": [],
            "version": "==1.0.4"
        },
        "pytz": {
            "hashes": [],
            "version": "==2018.9"
        },
        "redis": {
            "hashes": [],
            "version": "==3.1.0"
        },
        "requests": {
            "hashes": [],
            "version": "==2.21.0"
        },
        "six": {
            "hashes": [],
            "version": "==1.12.0"
        },
        "sqlalchemy": {
            "hashes": [],
            "version": "==1.2.18"
        },
        "sqlalchemy-utils": {
            "hashes": [],
            "version": "==0.33.11"
        },
        "text-unidecode": {
            "hashes": [],
            "version": "==1.2"
        },
        "urllib3": {
            "hashes": [],
            "version": "==1.24.1"
        },
        "werkzeug": {
            "hashes": [],
            "version": "==0.14.1"
        },
        "whoosh": {
            "hashes": [],
            "version": "==2.7.4"
        }
    },
    "develop": {}
}
